
Microsoft Visual Studio Solution File, Format Version 12.00
# Visual Studio Version 16
VisualStudioVersion = 16.0.31105.61
MinimumVisualStudioVersion = 10.0.40219.1
Project("{FAE04EC0-301F-11D3-BF4B-00C04F79EFBC}") = "AvaloniaApplication1", "AvaloniaApplication1\AvaloniaApplication1.csproj", "{CEB01943-3991-49DB-83EB-5FC8B89811B6}"
EndProject
Global
	GlobalSection(SolutionConfigurationPlatforms) = preSolution
		Debug|Any CPU = Debug|Any CPU
		Release|Any CPU = Release|Any CPU
	EndGlobalSection
	GlobalSection(ProjectConfigurationPlatforms) = postSolution
		{CEB01943-3991-49DB-83EB-5FC8B89811B6}.Debug|Any CPU.ActiveCfg = Debug|Any CPU
		{CEB01943-3991-49DB-83EB-5FC8B89811B6}.Debug|Any CPU.Build.0 = Debug|Any CPU
		{CEB01943-3991-49DB-83EB-5FC8B89811B6}.Release|Any CPU.ActiveCfg = Release|Any CPU
		{CEB01943-3991-49DB-83EB-5FC8B89811B6}.Release|Any CPU.Build.0 = Release|Any CPU
	EndGlobalSection
	GlobalSection(SolutionProperties) = preSolution
		HideSolutionNode = FALSE
	EndGlobalSection
	GlobalSection(ExtensibilityGlobals) = postSolution
		SolutionGuid = {59566BE7-670D-41A7-A540-A0A7E96A35A4}
	EndGlobalSection
EndGlobal
